
Microsoft Visual Studio Solution File, Format Version 12.00
# Visual Studio Version 17
VisualStudioVersion = 17.1.32319.34
MinimumVisualStudioVersion = 10.0.40219.1
Project("{FAE04EC0-301F-11D3-BF4B-00C04F79EFBC}") = "WebApiLecture.Api", "WebApiLecture.Api\WebApiLecture.Api.csproj", "{3681657C-1EFC-4BA7-9637-287535315B43}"
EndProject
Project("{FAE04EC0-301F-11D3-BF4B-00C04F79EFBC}") = "WebApiLecture.Domain", "WebApiLecture.Domain\WebApiLecture.Domain.csproj", "{9B1F8591-AABB-4EB3-A917-BBC5B77C78CA}"
EndProject
Project("{FAE04EC0-301F-11D3-BF4B-00C04F79EFBC}") = "WebApiLecture.Data", "WebApiLecture.Data\WebApiLecture.Data.csproj", "{447253BF-5DC9-41BF-85B0-E247CA7ADD2B}"
EndProject
Global
	GlobalSection(SolutionConfigurationPlatforms) = preSolution
		Debug|Any CPU = Debug|Any CPU
		Release|Any CPU = Release|Any CPU
	EndGlobalSection
	GlobalSection(ProjectConfigurationPlatforms) = postSolution
		{3681657C-1EFC-4BA7-9637-287535315B43}.Debug|Any CPU.ActiveCfg = Debug|Any CPU
		{3681657C-1EFC-4BA7-9637-287535315B43}.Debug|Any CPU.Build.0 = Debug|Any CPU
		{3681657C-1EFC-4BA7-9637-287535315B43}.Release|Any CPU.ActiveCfg = Release|Any CPU
		{3681657C-1EFC-4BA7-9637-287535315B43}.Release|Any CPU.Build.0 = Release|Any CPU
		{9B1F8591-AABB-4EB3-A917-BBC5B77C78CA}.Debug|Any CPU.ActiveCfg = Debug|Any CPU
		{9B1F8591-AABB-4EB3-A917-BBC5B77C78CA}.Debug|Any CPU.Build.0 = Debug|Any CPU
		{9B1F8591-AABB-4EB3-A917-BBC5B77C78CA}.Release|Any CPU.ActiveCfg = Release|Any CPU
		{9B1F8591-AABB-4EB3-A917-BBC5B77C78CA}.Release|Any CPU.Build.0 = Release|Any CPU
		{447253BF-5DC9-41BF-85B0-E247CA7ADD2B}.Debug|Any CPU.ActiveCfg = Debug|Any CPU
		{447253BF-5DC9-41BF-85B0-E247CA7ADD2B}.Debug|Any CPU.Build.0 = Debug|Any CPU
		{447253BF-5DC9-41BF-85B0-E247CA7ADD2B}.Release|Any CPU.ActiveCfg = Release|Any CPUs
		{447253BF-5DC9-41BF-85B0-E247CA7ADD2B}.Release|Any CPU.Build.0 = Release|Any CPU
	EndGlobalSection
	GlobalSection(SolutionProperties) = preSolution
		HideSolutionNode = FALSE
	EndGlobalSection
	GlobalSection(ExtensibilityGlobals) = postSolution
		SolutionGuid = {EC13B3E1-9676-420C-B9AA-23C5C76BDEC8}
	EndGlobalSection
EndGlobal
